
Microsoft Visual Studio Solution File, Format Version 12.00
# Visual Studio 15
VisualStudioVersion = 15.0.28307.271
MinimumVisualStudioVersion = 10.0.40219.1
Project("{FAE04EC0-301F-11D3-BF4B-00C04F79EFBC}") = "SystemePAC", "BistroApp\SystemePAC.csproj", "{2387BB2F-2DEF-47E0-8B9A-2ABA24D23D36}"
EndProject
Project("{FAE04EC0-301F-11D3-BF4B-00C04F79EFBC}") = "DbManager", "DbManager\DbManager.csproj", "{62A121B8-AC9E-45C8-A9E8-437B0BB34EEC}"
EndProject
Project("{FAE04EC0-301F-11D3-BF4B-00C04F79EFBC}") = "Common", "Common\Common.csproj", "{ACF95E35-A7B7-467A-A670-2EF6504329D6}"
EndProject
Project("{FAE04EC0-301F-11D3-BF4B-00C04F79EFBC}") = "SideMenu", "SideMenu\SideMenu.csproj", "{B24EB6C8-C06A-46E1-B4F0-570E5269A246}"
EndProject
Project("{FAE04EC0-301F-11D3-BF4B-00C04F79EFBC}") = "MockAPI", "MockAPI\MockAPI.csproj", "{7908624B-4799-4F0C-AC9B-D4244A085402}"
EndProject
Global
	GlobalSection(SolutionConfigurationPlatforms) = preSolution
		Debug|Any CPU = Debug|Any CPU
		Debug|ARM = Debug|ARM
		Debug|ARM64 = Debug|ARM64
		Debug|x64 = Debug|x64
		Debug|x86 = Debug|x86
		Release|Any CPU = Release|Any CPU
		Release|ARM = Release|ARM
		Release|ARM64 = Release|ARM64
		Release|x64 = Release|x64
		Release|x86 = Release|x86
	EndGlobalSection
	GlobalSection(ProjectConfigurationPlatforms) = postSolution
		{2387BB2F-2DEF-47E0-8B9A-2ABA24D23D36}.Debug|Any CPU.ActiveCfg = Debug|Any CPU
		{2387BB2F-2DEF-47E0-8B9A-2ABA24D23D36}.Debug|Any CPU.Build.0 = Debug|Any CPU
		{2387BB2F-2DEF-47E0-8B9A-2ABA24D23D36}.Debug|ARM.ActiveCfg = Debug|Any CPU
		{2387BB2F-2DEF-47E0-8B9A-2ABA24D23D36}.Debug|ARM.Build.0 = Debug|Any CPU
		{2387BB2F-2DEF-47E0-8B9A-2ABA24D23D36}.Debug|ARM64.ActiveCfg = Debug|Any CPU
		{2387BB2F-2DEF-47E0-8B9A-2ABA24D23D36}.Debug|ARM64.Build.0 = Debug|Any CPU
		{2387BB2F-2DEF-47E0-8B9A-2ABA24D23D36}.Debug|x64.ActiveCfg = Debug|Any CPU
		{2387BB2F-2DEF-47E0-8B9A-2ABA24D23D36}.Debug|x64.Build.0 = Debug|Any CPU
		{2387BB2F-2DEF-47E0-8B9A-2ABA24D23D36}.Debug|x86.ActiveCfg = Debug|Any CPU
		{2387BB2F-2DEF-47E0-8B9A-2ABA24D23D36}.Debug|x86.Build.0 = Debug|Any CPU
		{2387BB2F-2DEF-47E0-8B9A-2ABA24D23D36}.Release|Any CPU.ActiveCfg = Release|Any CPU
		{2387BB2F-2DEF-47E0-8B9A-2ABA24D23D36}.Release|Any CPU.Build.0 = Release|Any CPU
		{2387BB2F-2DEF-47E0-8B9A-2ABA24D23D36}.Release|ARM.ActiveCfg = Release|Any CPU
		{2387BB2F-2DEF-47E0-8B9A-2ABA24D23D36}.Release|ARM.Build.0 = Release|Any CPU
		{2387BB2F-2DEF-47E0-8B9A-2ABA24D23D36}.Release|ARM64.ActiveCfg = Release|Any CPU
		{2387BB2F-2DEF-47E0-8B9A-2ABA24D23D36}.Release|ARM64.Build.0 = Release|Any CPU
		{2387BB2F-2DEF-47E0-8B9A-2ABA24D23D36}.Release|x64.ActiveCfg = Release|Any CPU
		{2387BB2F-2DEF-47E0-8B9A-2ABA24D23D36}.Release|x64.Build.0 = Release|Any CPU
		{2387BB2F-2DEF-47E0-8B9A-2ABA24D23D36}.Release|x86.ActiveCfg = Release|Any CPU
		{2387BB2F-2DEF-47E0-8B9A-2ABA24D23D36}.Release|x86.Build.0 = Release|Any CPU
		{62A121B8-AC9E-45C8-A9E8-437B0BB34EEC}.Debug|Any CPU.ActiveCfg = Debug|Any CPU
		{62A121B8-AC9E-45C8-A9E8-437B0BB34EEC}.Debug|Any CPU.Build.0 = Debug|Any CPU
		{62A121B8-AC9E-45C8-A9E8-437B0BB34EEC}.Debug|ARM.ActiveCfg = Debug|Any CPU
		{62A121B8-AC9E-45C8-A9E8-437B0BB34EEC}.Debug|ARM.Build.0 = Debug|Any CPU
		{62A121B8-AC9E-45C8-A9E8-437B0BB34EEC}.Debug|ARM64.ActiveCfg = Debug|Any CPU
		{62A121B8-AC9E-45C8-A9E8-437B0BB34EEC}.Debug|ARM64.Build.0 = Debug|Any CPU
		{62A121B8-AC9E-45C8-A9E8-437B0BB34EEC}.Debug|x64.ActiveCfg = Debug|Any CPU
		{62A121B8-AC9E-45C8-A9E8-437B0BB34EEC}.Debug|x64.Build.0 = Debug|Any CPU
		{62A121B8-AC9E-45C8-A9E8-437B0BB34EEC}.Debug|x86.ActiveCfg = Debug|Any CPU
		{62A121B8-AC9E-45C8-A9E8-437B0BB34EEC}.Debug|x86.Build.0 = Debug|Any CPU
		{62A121B8-AC9E-45C8-A9E8-437B0BB34EEC}.Release|Any CPU.ActiveCfg = Release|Any CPU
		{62A121B8-AC9E-45C8-A9E8-437B0BB34EEC}.Release|Any CPU.Build.0 = Release|Any CPU
		{62A121B8-AC9E-45C8-A9E8-437B0BB34EEC}.Release|ARM.ActiveCfg = Release|Any CPU
		{62A121B8-AC9E-45C8-A9E8-437B0BB34EEC}.Release|ARM.Build.0 = Release|Any CPU
		{62A121B8-AC9E-45C8-A9E8-437B0BB34EEC}.Release|ARM64.ActiveCfg = Release|Any CPU
		{62A121B8-AC9E-45C8-A9E8-437B0BB34EEC}.Release|ARM64.Build.0 = Release|Any CPU
		{62A121B8-AC9E-45C8-A9E8-437B0BB34EEC}.Release|x64.ActiveCfg = Release|Any CPU
		{62A121B8-AC9E-45C8-A9E8-437B0BB34EEC}.Release|x64.Build.0 = Release|Any CPU
		{62A121B8-AC9E-45C8-A9E8-437B0BB34EEC}.Release|x86.ActiveCfg = Release|Any CPU
		{62A121B8-AC9E-45C8-A9E8-437B0BB34EEC}.Release|x86.Build.0 = Release|Any CPU
		{ACF95E35-A7B7-467A-A670-2EF6504329D6}.Debug|Any CPU.ActiveCfg = Debug|Any CPU
		{ACF95E35-A7B7-467A-A670-2EF6504329D6}.Debug|Any CPU.Build.0 = Debug|Any CPU
		{ACF95E35-A7B7-467A-A670-2EF6504329D6}.Debug|ARM.ActiveCfg = Debug|Any CPU
		{ACF95E35-A7B7-467A-A670-2EF6504329D6}.Debug|ARM.Build.0 = Debug|Any CPU
		{ACF95E35-A7B7-467A-A670-2EF6504329D6}.Debug|ARM64.ActiveCfg = Debug|Any CPU
		{ACF95E35-A7B7-467A-A670-2EF6504329D6}.Debug|ARM64.Build.0 = Debug|Any CPU
		{ACF95E35-A7B7-467A-A670-2EF6504329D6}.Debug|x64.ActiveCfg = Debug|Any CPU
		{ACF95E35-A7B7-467A-A670-2EF6504329D6}.Debug|x64.Build.0 = Debug|Any CPU
		{ACF95E35-A7B7-467A-A670-2EF6504329D6}.Debug|x86.ActiveCfg = Debug|Any CPU
		{ACF95E35-A7B7-467A-A670-2EF6504329D6}.Debug|x86.Build.0 = Debug|Any CPU
		{ACF95E35-A7B7-467A-A670-2EF6504329D6}.Release|Any CPU.ActiveCfg = Release|Any CPU
		{ACF95E35-A7B7-467A-A670-2EF6504329D6}.Release|Any CPU.Build.0 = Release|Any CPU
		{ACF95E35-A7B7-467A-A670-2EF6504329D6}.Release|ARM.ActiveCfg = Release|Any CPU
		{ACF95E35-A7B7-467A-A670-2EF6504329D6}.Release|ARM.Build.0 = Release|Any CPU
		{ACF95E35-A7B7-467A-A670-2EF6504329D6}.Release|ARM64.ActiveCfg = Release|Any CPU
		{ACF95E35-A7B7-467A-A670-2EF6504329D6}.Release|ARM64.Build.0 = Release|Any CPU
		{ACF95E35-A7B7-467A-A670-2EF6504329D6}.Release|x64.ActiveCfg = Release|Any CPU
		{ACF95E35-A7B7-467A-A670-2EF6504329D6}.Release|x64.Build.0 = Release|Any CPU
		{ACF95E35-A7B7-467A-A670-2EF6504329D6}.Release|x86.ActiveCfg = Release|Any CPU
		{ACF95E35-A7B7-467A-A670-2EF6504329D6}.Release|x86.Build.0 = Release|Any CPU
		{B24EB6C8-C06A-46E1-B4F0-570E5269A246}.Debug|Any CPU.ActiveCfg = Debug|Any CPU
		{B24EB6C8-C06A-46E1-B4F0-570E5269A246}.Debug|Any CPU.Build.0 = Debug|Any CPU
		{B24EB6C8-C06A-46E1-B4F0-570E5269A246}.Debug|ARM.ActiveCfg = Debug|Any CPU
		{B24EB6C8-C06A-46E1-B4F0-570E5269A246}.Debug|ARM.Build.0 = Debug|Any CPU
		{B24EB6C8-C06A-46E1-B4F0-570E5269A246}.Debug|ARM64.ActiveCfg = Debug|Any CPU
		{B24EB6C8-C06A-46E1-B4F0-570E5269A246}.Debug|ARM64.Build.0 = Debug|Any CPU
		{B24EB6C8-C06A-46E1-B4F0-570E5269A246}.Debug|x64.ActiveCfg = Debug|Any CPU
		{B24EB6C8-C06A-46E1-B4F0-570E5269A246}.Debug|x64.Build.0 = Debug|Any CPU
		{B24EB6C8-C06A-46E1-B4F0-570E5269A246}.Debug|x86.ActiveCfg = Debug|Any CPU
		{B24EB6C8-C06A-46E1-B4F0-570E5269A246}.Debug|x86.Build.0 = Debug|Any CPU
		{B24EB6C8-C06A-46E1-B4F0-570E5269A246}.Release|Any CPU.ActiveCfg = Release|Any CPU
		{B24EB6C8-C06A-46E1-B4F0-570E5269A246}.Release|Any CPU.Build.0 = Release|Any CPU
		{B24EB6C8-C06A-46E1-B4F0-570E5269A246}.Release|ARM.ActiveCfg = Release|Any CPU
		{B24EB6C8-C06A-46E1-B4F0-570E5269A246}.Release|ARM.Build.0 = Release|Any CPU
		{B24EB6C8-C06A-46E1-B4F0-570E5269A246}.Release|ARM64.ActiveCfg = Release|Any CPU
		{B24EB6C8-C06A-46E1-B4F0-570E5269A246}.Release|ARM64.Build.0 = Release|Any CPU
		{B24EB6C8-C06A-46E1-B4F0-570E5269A246}.Release|x64.ActiveCfg = Release|Any CPU
		{B24EB6C8-C06A-46E1-B4F0-570E5269A246}.Release|x64.Build.0 = Release|Any CPU
		{B24EB6C8-C06A-46E1-B4F0-570E5269A246}.Release|x86.ActiveCfg = Release|Any CPU
		{B24EB6C8-C06A-46E1-B4F0-570E5269A246}.Release|x86.Build.0 = Release|Any CPU
		{7908624B-4799-4F0C-AC9B-D4244A085402}.Debug|Any CPU.ActiveCfg = Debug|Any CPU
		{7908624B-4799-4F0C-AC9B-D4244A085402}.Debug|Any CPU.Build.0 = Debug|Any CPU
		{7908624B-4799-4F0C-AC9B-D4244A085402}.Debug|ARM.ActiveCfg = Debug|Any CPU
		{7908624B-4799-4F0C-AC9B-D4244A085402}.Debug|ARM.Build.0 = Debug|Any CPU
		{7908624B-4799-4F0C-AC9B-D4244A085402}.Debug|ARM64.ActiveCfg = Debug|Any CPU
		{7908624B-4799-4F0C-AC9B-D4244A085402}.Debug|ARM64.Build.0 = Debug|Any CPU
		{7908624B-4799-4F0C-AC9B-D4244A085402}.Debug|x64.ActiveCfg = Debug|Any CPU
		{7908624B-4799-4F0C-AC9B-D4244A085402}.Debug|x64.Build.0 = Debug|Any CPU
		{7908624B-4799-4F0C-AC9B-D4244A085402}.Debug|x86.ActiveCfg = Debug|Any CPU
		{7908624B-4799-4F0C-AC9B-D4244A085402}.Debug|x86.Build.0 = Debug|Any CPU
		{7908624B-4799-4F0C-AC9B-D4244A085402}.Release|Any CPU.ActiveCfg = Release|Any CPU
		{7908624B-4799-4F0C-AC9B-D4244A085402}.Release|Any CPU.Build.0 = Release|Any CPU
		{7908624B-4799-4F0C-AC9B-D4244A085402}.Release|ARM.ActiveCfg = Release|Any CPU
		{7908624B-4799-4F0C-AC9B-D4244A085402}.Release|ARM.Build.0 = Release|Any CPU
		{7908624B-4799-4F0C-AC9B-D4244A085402}.Release|ARM64.ActiveCfg = Release|Any CPU
		{7908624B-4799-4F0C-AC9B-D4244A085402}.Release|ARM64.Build.0 = Release|Any CPU
		{7908624B-4799-4F0C-AC9B-D4244A085402}.Release|x64.ActiveCfg = Release|Any CPU
		{7908624B-4799-4F0C-AC9B-D4244A085402}.Release|x64.Build.0 = Release|Any CPU
		{7908624B-4799-4F0C-AC9B-D4244A085402}.Release|x86.ActiveCfg = Release|Any CPU
		{7908624B-4799-4F0C-AC9B-D4244A085402}.Release|x86.Build.0 = Release|Any CPU
	EndGlobalSection
	GlobalSection(SolutionProperties) = preSolution
		HideSolutionNode = FALSE
	EndGlobalSection
	GlobalSection(ExtensibilityGlobals) = postSolution
		SolutionGuid = {54EE58C9-2788-428C-AF7C-3309951A44D8}
	EndGlobalSection
EndGlobal
